
Microsoft Visual Studio Solution File, Format Version 12.00
# Visual Studio Version 16
VisualStudioVersion = 16.0.31105.61
MinimumVisualStudioVersion = 10.0.40219.1
Project("{8BC9CEB8-8B4A-11D0-8D11-00A0C91BC942}") = "video_example", "video_example\video_example.vcxproj", "{14244109-353F-4305-9AD8-8560AC5AD143}"
EndProject
Project("{8BC9CEB8-8B4A-11D0-8D11-00A0C91BC942}") = "image_example", "image_example\image_example.vcxproj", "{DE79553C-6E9A-4F36-9F0D-D5907C693676}"
EndProject
Global
	GlobalSection(SolutionConfigurationPlatforms) = preSolution
		Debug|x64 = Debug|x64
		Debug|x86 = Debug|x86
		Release|x64 = Release|x64
		Release|x86 = Release|x86
	EndGlobalSection
	GlobalSection(ProjectConfigurationPlatforms) = postSolution
		{14244109-353F-4305-9AD8-8560AC5AD143}.Debug|x64.ActiveCfg = Debug|x64
		{14244109-353F-4305-9AD8-8560AC5AD143}.Debug|x64.Build.0 = Debug|x64
		{14244109-353F-4305-9AD8-8560AC5AD143}.Debug|x86.ActiveCfg = Debug|Win32
		{14244109-353F-4305-9AD8-8560AC5AD143}.Debug|x86.Build.0 = Debug|Win32
		{14244109-353F-4305-9AD8-8560AC5AD143}.Release|x64.ActiveCfg = Release|x64
		{14244109-353F-4305-9AD8-8560AC5AD143}.Release|x64.Build.0 = Release|x64
		{14244109-353F-4305-9AD8-8560AC5AD143}.Release|x86.ActiveCfg = Release|Win32
		{14244109-353F-4305-9AD8-8560AC5AD143}.Release|x86.Build.0 = Release|Win32
		{DE79553C-6E9A-4F36-9F0D-D5907C693676}.Debug|x64.ActiveCfg = Debug|x64
		{DE79553C-6E9A-4F36-9F0D-D5907C693676}.Debug|x64.Build.0 = Debug|x64
		{DE79553C-6E9A-4F36-9F0D-D5907C693676}.Debug|x86.ActiveCfg = Debug|Win32
		{DE79553C-6E9A-4F36-9F0D-D5907C693676}.Debug|x86.Build.0 = Debug|Win32
		{DE79553C-6E9A-4F36-9F0D-D5907C693676}.Release|x64.ActiveCfg = Release|x64
		{DE79553C-6E9A-4F36-9F0D-D5907C693676}.Release|x64.Build.0 = Release|x64
		{DE79553C-6E9A-4F36-9F0D-D5907C693676}.Release|x86.ActiveCfg = Release|Win32
		{DE79553C-6E9A-4F36-9F0D-D5907C693676}.Release|x86.Build.0 = Release|Win32
	EndGlobalSection
	GlobalSection(SolutionProperties) = preSolution
		HideSolutionNode = FALSE
	EndGlobalSection
	GlobalSection(ExtensibilityGlobals) = postSolution
		SolutionGuid = {0870B038-EDC6-4A89-932F-2429CD1587E6}
	EndGlobalSection
EndGlobal
